# This file is generated by running "yarn install" inside your project.
# Manual changes might be lost - proceed with caution!

__metadata:
  version: 4

"anotherInternalDependency@workspace:*, anotherInternalDependency@workspace:packages/deps/anotherInternalDependency":
  version: 0.0.0-use.local
  resolution: "anotherInternalDependency@workspace:packages/deps/anotherInternalDependency"
  languageName: unknown
  linkType: soft

"core@workspace:*, core@workspace:packages/core":
  version: 0.0.0-use.local
  resolution: "core@workspace:packages/core"
  dependencies:
    anotherInternalDependency: "workspace:*"
    someInternalDependency: "workspace:*"
  languageName: unknown
  linkType: soft

"esm@npm:3.2.25":
  version: 3.2.25
  resolution: "esm@npm:3.2.25"
  checksum: 2/12a0272aaa15ce4bc07e52cbb66d471cf56ad81ad1a3c1d9f6fa1e29e8c2712716333825e2572f9dbdfdc787e5717a75cb00ce2846e2a50e2bba6971c24402f3
  languageName: node
  linkType: hard

"lib@workspace:*, lib@workspace:packages/lib":
  version: 0.0.0-use.local
  resolution: "lib@workspace:packages/lib"
  dependencies:
    core: "workspace:*"
  languageName: unknown
  linkType: soft

"someInternalDependency@workspace:*, someInternalDependency@workspace:packages/deps/someInternalDependency":
  version: 0.0.0-use.local
  resolution: "someInternalDependency@workspace:packages/deps/someInternalDependency"
  languageName: unknown
  linkType: soft

"yarn-pnp-test@workspace:.":
  version: 0.0.0-use.local
  resolution: "yarn-pnp-test@workspace:."
  dependencies:
    esm: ^3.2.25
    lib: "workspace:*"
  languageName: unknown
  linkType: soft
